
Microsoft Visual Studio Solution File, Format Version 12.00
# Visual Studio 15
VisualStudioVersion = 15.0.27703.2035
MinimumVisualStudioVersion = 10.0.40219.1
Project("{FAE04EC0-301F-11D3-BF4B-00C04F79EFBC}") = "Ex03.GarageLogic", "Ex03.GarageLogic\Ex03.GarageLogic.csproj", "{DB1EC763-8C38-4FD6-9EA1-BE2249FEB437}"
EndProject
Project("{FAE04EC0-301F-11D3-BF4B-00C04F79EFBC}") = "Ex03.ConsoleUI", "Ex03.ConsoleUI\Ex03.ConsoleUI.csproj", "{33C4BCBB-CC95-44CD-BB81-BEFD889D6DDB}"
EndProject
Global
	GlobalSection(SolutionConfigurationPlatforms) = preSolution
		Debug|Any CPU = Debug|Any CPU
		Release|Any CPU = Release|Any CPU
	EndGlobalSection
	GlobalSection(ProjectConfigurationPlatforms) = postSolution
		{DB1EC763-8C38-4FD6-9EA1-BE2249FEB437}.Debug|Any CPU.ActiveCfg = Debug|Any CPU
		{DB1EC763-8C38-4FD6-9EA1-BE2249FEB437}.Debug|Any CPU.Build.0 = Debug|Any CPU
		{DB1EC763-8C38-4FD6-9EA1-BE2249FEB437}.Release|Any CPU.ActiveCfg = Release|Any CPU
		{DB1EC763-8C38-4FD6-9EA1-BE2249FEB437}.Release|Any CPU.Build.0 = Release|Any CPU
		{33C4BCBB-CC95-44CD-BB81-BEFD889D6DDB}.Debug|Any CPU.ActiveCfg = Debug|Any CPU
		{33C4BCBB-CC95-44CD-BB81-BEFD889D6DDB}.Debug|Any CPU.Build.0 = Debug|Any CPU
		{33C4BCBB-CC95-44CD-BB81-BEFD889D6DDB}.Release|Any CPU.ActiveCfg = Release|Any CPU
		{33C4BCBB-CC95-44CD-BB81-BEFD889D6DDB}.Release|Any CPU.Build.0 = Release|Any CPU
	EndGlobalSection
	GlobalSection(SolutionProperties) = preSolution
		HideSolutionNode = FALSE
	EndGlobalSection
	GlobalSection(ExtensibilityGlobals) = postSolution
		SolutionGuid = {33B43E2A-8F8B-4941-A5D2-A3EAA642AC25}
	EndGlobalSection
EndGlobal
